// !$*UTF8*$!
{
	archiveVersion = 1;
	classes = {
	};
	objectVersion = 46;
	objects = {

/* Begin PBXBuildFile section */
		9A1AFD6D1D533DE400CE1FC9 /* AudioViewController.swift in Sources */ = {isa = PBXBuildFile; fileRef = 9A1AFD6C1D533DE400CE1FC9 /* AudioViewController.swift */; };
		9A1AFD751D5C8C2500CE1FC9 /* MediaListController.swift in Sources */ = {isa = PBXBuildFile; fileRef = 9A1AFD741D5C8C2500CE1FC9 /* MediaListController.swift */; };
		9A43D0F51D9CF1530021A7AD /* SmartView.framework in Frameworks */ = {isa = PBXBuildFile; fileRef = 9A43D0F31D9CF13E0021A7AD /* SmartView.framework */; };
		9A43D0F61D9CF1530021A7AD /* SmartView.framework in Embed Frameworks */ = {isa = PBXBuildFile; fileRef = 9A43D0F31D9CF13E0021A7AD /* SmartView.framework */; settings = {ATTRIBUTES = (CodeSignOnCopy, RemoveHeadersOnCopy, ); }; };
		9A59F07C1D7AFD8F00BAB560 /* thumb.png in Resources */ = {isa = PBXBuildFile; fileRef = 9A59F07B1D7AFD8F00BAB560 /* thumb.png */; };
		9A8655371D70063F00B0B5C4 /* add_all.png in Resources */ = {isa = PBXBuildFile; fileRef = 9A8655331D70063F00B0B5C4 /* add_all.png */; };
		9A8655381D70063F00B0B5C4 /* clear_queue.png in Resources */ = {isa = PBXBuildFile; fileRef = 9A8655341D70063F00B0B5C4 /* clear_queue.png */; };
		9A8655391D70063F00B0B5C4 /* queue_active.png in Resources */ = {isa = PBXBuildFile; fileRef = 9A8655351D70063F00B0B5C4 /* queue_active.png */; };
		9A86553A1D70063F00B0B5C4 /* queue_deactive.png in Resources */ = {isa = PBXBuildFile; fileRef = 9A8655361D70063F00B0B5C4 /* queue_deactive.png */; };
		9A8655E01D73EC1E00B0B5C4 /* image_Placeholder.png in Resources */ = {isa = PBXBuildFile; fileRef = 9A8655DD1D73EC1E00B0B5C4 /* image_Placeholder.png */; };
		9A8655E21D73EC1E00B0B5C4 /* video_Placeholder.jpeg in Resources */ = {isa = PBXBuildFile; fileRef = 9A8655DF1D73EC1E00B0B5C4 /* video_Placeholder.jpeg */; };
		9A8655E41D73ED1400B0B5C4 /* Music_Placeholder.png in Resources */ = {isa = PBXBuildFile; fileRef = 9A8655E31D73ED1400B0B5C4 /* Music_Placeholder.png */; };
		9A86560A1D76CAE200B0B5C4 /* AudioPlayerController.swift in Sources */ = {isa = PBXBuildFile; fileRef = 9A8656061D76CAE200B0B5C4 /* AudioPlayerController.swift */; };
		9A86560B1D76CAE200B0B5C4 /* MediaShareController.swift in Sources */ = {isa = PBXBuildFile; fileRef = 9A8656071D76CAE200B0B5C4 /* MediaShareController.swift */; };
		9A86560C1D76CAE200B0B5C4 /* PhotoPlayerController.swift in Sources */ = {isa = PBXBuildFile; fileRef = 9A8656081D76CAE200B0B5C4 /* PhotoPlayerController.swift */; };
		9A86560D1D76CAE200B0B5C4 /* VideoPlayerController.swift in Sources */ = {isa = PBXBuildFile; fileRef = 9A8656091D76CAE200B0B5C4 /* VideoPlayerController.swift */; };
		9A896B401D4B17B300994F30 /* PhotoCollectionView.swift in Sources */ = {isa = PBXBuildFile; fileRef = 9A896B3F1D4B17B300994F30 /* PhotoCollectionView.swift */; };
		9A896B421D4B2B4500994F30 /* Media.swift in Sources */ = {isa = PBXBuildFile; fileRef = 9A896B411D4B2B4500994F30 /* Media.swift */; };
		9A896B441D4B2CE500994F30 /* MediaCell.swift in Sources */ = {isa = PBXBuildFile; fileRef = 9A896B431D4B2CE500994F30 /* MediaCell.swift */; };
		9A896B461D4F216600994F30 /* MediaItems.plist in Resources */ = {isa = PBXBuildFile; fileRef = 9A896B451D4F216600994F30 /* MediaItems.plist */; };
		9AFD0C6C1D507F0400C3494A /* ImageCacheHelper.swift in Sources */ = {isa = PBXBuildFile; fileRef = 9AFD0C6B1D507F0400C3494A /* ImageCacheHelper.swift */; };
		C9043F221D759D3B00C7826E /* MediaPlayViewController.swift in Sources */ = {isa = PBXBuildFile; fileRef = C9043F211D759D3B00C7826E /* MediaPlayViewController.swift */; };
		C9043F261D759E4F00C7826E /* previous.png in Resources */ = {isa = PBXBuildFile; fileRef = C9043F251D759E4F00C7826E /* previous.png */; };
		C9043F2F1D759E6200C7826E /* next.png in Resources */ = {isa = PBXBuildFile; fileRef = C9043F271D759E6200C7826E /* next.png */; };
		C9043F301D759E6200C7826E /* volume_down.png in Resources */ = {isa = PBXBuildFile; fileRef = C9043F281D759E6200C7826E /* volume_down.png */; };
		C9043F311D759E6200C7826E /* volume_up.png in Resources */ = {isa = PBXBuildFile; fileRef = C9043F291D759E6200C7826E /* volume_up.png */; };
		C9043F321D759E6200C7826E /* repeat_all.png in Resources */ = {isa = PBXBuildFile; fileRef = C9043F2A1D759E6200C7826E /* repeat_all.png */; };
		C9043F331D759E6200C7826E /* repeat_off.png in Resources */ = {isa = PBXBuildFile; fileRef = C9043F2B1D759E6200C7826E /* repeat_off.png */; };
		C9043F341D759E6200C7826E /* repeat_single.png in Resources */ = {isa = PBXBuildFile; fileRef = C9043F2C1D759E6200C7826E /* repeat_single.png */; };
		C9043F351D759E6200C7826E /* shuffle_off.png in Resources */ = {isa = PBXBuildFile; fileRef = C9043F2D1D759E6200C7826E /* shuffle_off.png */; };
		C9043F361D759E6200C7826E /* shuffle_on.png in Resources */ = {isa = PBXBuildFile; fileRef = C9043F2E1D759E6200C7826E /* shuffle_on.png */; };
		C91382F61C15A54F00A35DA3 /* AppDelegate.swift in Sources */ = {isa = PBXBuildFile; fileRef = C91382F51C15A54F00A35DA3 /* AppDelegate.swift */; };
		C91382F81C15A54F00A35DA3 /* FirstViewController.swift in Sources */ = {isa = PBXBuildFile; fileRef = C91382F71C15A54F00A35DA3 /* FirstViewController.swift */; };
		C91382FB1C15A54F00A35DA3 /* Main.storyboard in Resources */ = {isa = PBXBuildFile; fileRef = C91382F91C15A54F00A35DA3 /* Main.storyboard */; };
		C91382FD1C15A54F00A35DA3 /* Assets.xcassets in Resources */ = {isa = PBXBuildFile; fileRef = C91382FC1C15A54F00A35DA3 /* Assets.xcassets */; };
		C91383001C15A54F00A35DA3 /* LaunchScreen.storyboard in Resources */ = {isa = PBXBuildFile; fileRef = C91382FE1C15A54F00A35DA3 /* LaunchScreen.storyboard */; };
		C913830B1C15A54F00A35DA3 /* MediaPlayerTests.swift in Sources */ = {isa = PBXBuildFile; fileRef = C913830A1C15A54F00A35DA3 /* MediaPlayerTests.swift */; };
		C91383161C15A54F00A35DA3 /* MediaPlayerUITests.swift in Sources */ = {isa = PBXBuildFile; fileRef = C91383151C15A54F00A35DA3 /* MediaPlayerUITests.swift */; };
		C93BE8541C17FC3700A593EB /* CastButtonItem.swift in Sources */ = {isa = PBXBuildFile; fileRef = C93BE8531C17FC3700A593EB /* CastButtonItem.swift */; };
		C942DAFC1C1AA06B00E08B87 /* VideoViewController.swift in Sources */ = {isa = PBXBuildFile; fileRef = C942DAFB1C1AA06B00E08B87 /* VideoViewController.swift */; };
		C948C8CC1C19791C00F7B211 /* ScrollViewController.swift in Sources */ = {isa = PBXBuildFile; fileRef = C948C8CB1C19791C00F7B211 /* ScrollViewController.swift */; };
		C94D41B41CC4EFA60019681E /* forward.png in Resources */ = {isa = PBXBuildFile; fileRef = C94D41AE1CC4EFA60019681E /* forward.png */; };
		C94D41B51CC4EFA60019681E /* mute.png in Resources */ = {isa = PBXBuildFile; fileRef = C94D41AF1CC4EFA60019681E /* mute.png */; };
		C94D41B61CC4EFA60019681E /* pause.png in Resources */ = {isa = PBXBuildFile; fileRef = C94D41B01CC4EFA60019681E /* pause.png */; };
		C94D41B71CC4EFA60019681E /* play.png in Resources */ = {isa = PBXBuildFile; fileRef = C94D41B11CC4EFA60019681E /* play.png */; };
		C94D41B81CC4EFA60019681E /* rewind.png in Resources */ = {isa = PBXBuildFile; fileRef = C94D41B21CC4EFA60019681E /* rewind.png */; };
		C94D41B91CC4EFA60019681E /* stop.png in Resources */ = {isa = PBXBuildFile; fileRef = C94D41B31CC4EFA60019681E /* stop.png */; };
		C9530E261C17F2EB00D8BAF4 /* cast_off.png in Resources */ = {isa = PBXBuildFile; fileRef = C9530E251C17F2EB00D8BAF4 /* cast_off.png */; };
		C9530E301C17F30100D8BAF4 /* cast_off@2x.png in Resources */ = {isa = PBXBuildFile; fileRef = C9530E271C17F30100D8BAF4 /* cast_off@2x.png */; };
		C9530E311C17F30100D8BAF4 /* cast_on.png in Resources */ = {isa = PBXBuildFile; fileRef = C9530E281C17F30100D8BAF4 /* cast_on.png */; };
		C9530E321C17F30100D8BAF4 /* cast_on@2x.png in Resources */ = {isa = PBXBuildFile; fileRef = C9530E291C17F30100D8BAF4 /* cast_on@2x.png */; };
		C9530E331C17F30100D8BAF4 /* cast_on0.png in Resources */ = {isa = PBXBuildFile; fileRef = C9530E2A1C17F30100D8BAF4 /* cast_on0.png */; };
		C9530E341C17F30100D8BAF4 /* cast_on0@2x.png in Resources */ = {isa = PBXBuildFile; fileRef = C9530E2B1C17F30100D8BAF4 /* cast_on0@2x.png */; };
		C9530E351C17F30100D8BAF4 /* cast_on1.png in Resources */ = {isa = PBXBuildFile; fileRef = C9530E2C1C17F30100D8BAF4 /* cast_on1.png */; };
		C9530E361C17F30100D8BAF4 /* cast_on1@2x.png in Resources */ = {isa = PBXBuildFile; fileRef = C9530E2D1C17F30100D8BAF4 /* cast_on1@2x.png */; };
		C9530E371C17F30100D8BAF4 /* cast_on2.png in Resources */ = {isa = PBXBuildFile; fileRef = C9530E2E1C17F30100D8BAF4 /* cast_on2.png */; };
		C9530E381C17F30100D8BAF4 /* cast_on2@2x.png in Resources */ = {isa = PBXBuildFile; fileRef = C9530E2F1C17F30100D8BAF4 /* cast_on2@2x.png */; };
		C9530E4E1C1842AE00D8BAF4 /* TerminateAppViewController.swift in Sources */ = {isa = PBXBuildFile; fileRef = C9530E4D1C1842AE00D8BAF4 /* TerminateAppViewController.swift */; };
		C9530E501C18430600D8BAF4 /* TerminateAppViewController.xib in Resources */ = {isa = PBXBuildFile; fileRef = C9530E4F1C18430600D8BAF4 /* TerminateAppViewController.xib */; };
		C9530E521C18433A00D8BAF4 /* DeviceListViewController.swift in Sources */ = {isa = PBXBuildFile; fileRef = C9530E511C18433A00D8BAF4 /* DeviceListViewController.swift */; };
		C990C06E1CC6456400BB1070 /* unmute.png in Resources */ = {isa = PBXBuildFile; fileRef = C990C06D1CC6456400BB1070 /* unmute.png */; };
		C9A95D391C4FAEB10069E41B /* mediaStyle.xml in Resources */ = {isa = PBXBuildFile; fileRef = C9A95D381C4FAEB10069E41B /* mediaStyle.xml */; };
/* End PBXBuildFile section */

/* Begin PBXContainerItemProxy section */
		C91383071C15A54F00A35DA3 /* PBXContainerItemProxy */ = {
			isa = PBXContainerItemProxy;
			containerPortal = C91382EA1C15A54F00A35DA3 /* Project object */;
			proxyType = 1;
			remoteGlobalIDString = C91382F11C15A54F00A35DA3;
			remoteInfo = MediaPlayer;
		};
		C91383121C15A54F00A35DA3 /* PBXContainerItemProxy */ = {
			isa = PBXContainerItemProxy;
			containerPortal = C91382EA1C15A54F00A35DA3 /* Project object */;
			proxyType = 1;
			remoteGlobalIDString = C91382F11C15A54F00A35DA3;
			remoteInfo = MediaPlayer;
		};
/* End PBXContainerItemProxy section */

/* Begin PBXCopyFilesBuildPhase section */
		9A1AFD791D6474A000CE1FC9 /* Embed Frameworks */ = {
			isa = PBXCopyFilesBuildPhase;
			buildActionMask = 2147483647;
			dstPath = "";
			dstSubfolderSpec = 10;
			files = (
				9A43D0F61D9CF1530021A7AD /* SmartView.framework in Embed Frameworks */,
			);
			name = "Embed Frameworks";
			runOnlyForDeploymentPostprocessing = 0;
		};
/* End PBXCopyFilesBuildPhase section */

/* Begin PBXFileReference section */
		9A1AFD6C1D533DE400CE1FC9 /* AudioViewController.swift */ = {isa = PBXFileReference; fileEncoding = 4; lastKnownFileType = sourcecode.swift; lineEnding = 0; path = AudioViewController.swift; sourceTree = "<group>"; xcLanguageSpecificationIdentifier = xcode.lang.swift; };
		9A1AFD741D5C8C2500CE1FC9 /* MediaListController.swift */ = {isa = PBXFileReference; fileEncoding = 4; lastKnownFileType = sourcecode.swift; lineEnding = 0; path = MediaListController.swift; sourceTree = "<group>"; xcLanguageSpecificationIdentifier = xcode.lang.swift; };
		9A43D0F31D9CF13E0021A7AD /* SmartView.framework */ = {isa = PBXFileReference; lastKnownFileType = wrapper.framework; path = SmartView.framework; sourceTree = "<group>"; };
		9A59F07B1D7AFD8F00BAB560 /* thumb.png */ = {isa = PBXFileReference; lastKnownFileType = image.png; path = thumb.png; sourceTree = "<group>"; };
		9A8655331D70063F00B0B5C4 /* add_all.png */ = {isa = PBXFileReference; lastKnownFileType = image.png; path = add_all.png; sourceTree = "<group>"; };
		9A8655341D70063F00B0B5C4 /* clear_queue.png */ = {isa = PBXFileReference; lastKnownFileType = image.png; path = clear_queue.png; sourceTree = "<group>"; };
		9A8655351D70063F00B0B5C4 /* queue_active.png */ = {isa = PBXFileReference; lastKnownFileType = image.png; path = queue_active.png; sourceTree = "<group>"; };
		9A8655361D70063F00B0B5C4 /* queue_deactive.png */ = {isa = PBXFileReference; lastKnownFileType = image.png; path = queue_deactive.png; sourceTree = "<group>"; };
		9A8655DD1D73EC1E00B0B5C4 /* image_Placeholder.png */ = {isa = PBXFileReference; lastKnownFileType = image.png; path = image_Placeholder.png; sourceTree = "<group>"; };
		9A8655DF1D73EC1E00B0B5C4 /* video_Placeholder.jpeg */ = {isa = PBXFileReference; lastKnownFileType = image.jpeg; path = video_Placeholder.jpeg; sourceTree = "<group>"; };
		9A8655E31D73ED1400B0B5C4 /* Music_Placeholder.png */ = {isa = PBXFileReference; lastKnownFileType = image.png; path = Music_Placeholder.png; sourceTree = "<group>"; };
		9A8656061D76CAE200B0B5C4 /* AudioPlayerController.swift */ = {isa = PBXFileReference; fileEncoding = 4; lastKnownFileType = sourcecode.swift; path = AudioPlayerController.swift; sourceTree = "<group>"; };
		9A8656071D76CAE200B0B5C4 /* MediaShareController.swift */ = {isa = PBXFileReference; fileEncoding = 4; lastKnownFileType = sourcecode.swift; path = MediaShareController.swift; sourceTree = "<group>"; };
		9A8656081D76CAE200B0B5C4 /* PhotoPlayerController.swift */ = {isa = PBXFileReference; fileEncoding = 4; lastKnownFileType = sourcecode.swift; path = PhotoPlayerController.swift; sourceTree = "<group>"; };
		9A8656091D76CAE200B0B5C4 /* VideoPlayerController.swift */ = {isa = PBXFileReference; fileEncoding = 4; lastKnownFileType = sourcecode.swift; path = VideoPlayerController.swift; sourceTree = "<group>"; };
		9A896B3F1D4B17B300994F30 /* PhotoCollectionView.swift */ = {isa = PBXFileReference; fileEncoding = 4; lastKnownFileType = sourcecode.swift; path = PhotoCollectionView.swift; sourceTree = "<group>"; };
		9A896B411D4B2B4500994F30 /* Media.swift */ = {isa = PBXFileReference; fileEncoding = 4; lastKnownFileType = sourcecode.swift; path = Media.swift; sourceTree = "<group>"; };
		9A896B431D4B2CE500994F30 /* MediaCell.swift */ = {isa = PBXFileReference; fileEncoding = 4; lastKnownFileType = sourcecode.swift; path = MediaCell.swift; sourceTree = "<group>"; };
		9A896B451D4F216600994F30 /* MediaItems.plist */ = {isa = PBXFileReference; fileEncoding = 4; lastKnownFileType = text.plist.xml; path = MediaItems.plist; sourceTree = "<group>"; };
		9AFD0C6B1D507F0400C3494A /* ImageCacheHelper.swift */ = {isa = PBXFileReference; fileEncoding = 4; lastKnownFileType = sourcecode.swift; lineEnding = 0; path = ImageCacheHelper.swift; sourceTree = "<group>"; xcLanguageSpecificationIdentifier = xcode.lang.swift; };
		C9043F211D759D3B00C7826E /* MediaPlayViewController.swift */ = {isa = PBXFileReference; fileEncoding = 4; lastKnownFileType = sourcecode.swift; path = MediaPlayViewController.swift; sourceTree = "<group>"; };
		C9043F251D759E4F00C7826E /* previous.png */ = {isa = PBXFileReference; lastKnownFileType = image.png; path = previous.png; sourceTree = "<group>"; };
		C9043F271D759E6200C7826E /* next.png */ = {isa = PBXFileReference; lastKnownFileType = image.png; path = next.png; sourceTree = "<group>"; };
		C9043F281D759E6200C7826E /* volume_down.png */ = {isa = PBXFileReference; lastKnownFileType = image.png; path = volume_down.png; sourceTree = "<group>"; };
		C9043F291D759E6200C7826E /* volume_up.png */ = {isa = PBXFileReference; lastKnownFileType = image.png; path = volume_up.png; sourceTree = "<group>"; };
		C9043F2A1D759E6200C7826E /* repeat_all.png */ = {isa = PBXFileReference; lastKnownFileType = image.png; path = repeat_all.png; sourceTree = "<group>"; };
		C9043F2B1D759E6200C7826E /* repeat_off.png */ = {isa = PBXFileReference; lastKnownFileType = image.png; path = repeat_off.png; sourceTree = "<group>"; };
		C9043F2C1D759E6200C7826E /* repeat_single.png */ = {isa = PBXFileReference; lastKnownFileType = image.png; path = repeat_single.png; sourceTree = "<group>"; };
		C9043F2D1D759E6200C7826E /* shuffle_off.png */ = {isa = PBXFileReference; lastKnownFileType = image.png; path = shuffle_off.png; sourceTree = "<group>"; };
		C9043F2E1D759E6200C7826E /* shuffle_on.png */ = {isa = PBXFileReference; lastKnownFileType = image.png; path = shuffle_on.png; sourceTree = "<group>"; };
		C91382F21C15A54F00A35DA3 /* MediaPlayer.app */ = {isa = PBXFileReference; explicitFileType = wrapper.application; includeInIndex = 0; path = MediaPlayer.app; sourceTree = BUILT_PRODUCTS_DIR; };
		C91382F51C15A54F00A35DA3 /* AppDelegate.swift */ = {isa = PBXFileReference; lastKnownFileType = sourcecode.swift; path = AppDelegate.swift; sourceTree = "<group>"; };
		C91382F71C15A54F00A35DA3 /* FirstViewController.swift */ = {isa = PBXFileReference; lastKnownFileType = sourcecode.swift; lineEnding = 0; path = FirstViewController.swift; sourceTree = "<group>"; xcLanguageSpecificationIdentifier = xcode.lang.swift; };
		C91382FA1C15A54F00A35DA3 /* Base */ = {isa = PBXFileReference; lastKnownFileType = file.storyboard; name = Base; path = Base.lproj/Main.storyboard; sourceTree = "<group>"; };
		C91382FC1C15A54F00A35DA3 /* Assets.xcassets */ = {isa = PBXFileReference; lastKnownFileType = folder.assetcatalog; path = Assets.xcassets; sourceTree = "<group>"; };
		C91382FF1C15A54F00A35DA3 /* Base */ = {isa = PBXFileReference; lastKnownFileType = file.storyboard; name = Base; path = Base.lproj/LaunchScreen.storyboard; sourceTree = "<group>"; };
		C91383011C15A54F00A35DA3 /* Info.plist */ = {isa = PBXFileReference; lastKnownFileType = text.plist.xml; path = Info.plist; sourceTree = "<group>"; };
		C91383061C15A54F00A35DA3 /* MediaPlayerTests.xctest */ = {isa = PBXFileReference; explicitFileType = wrapper.cfbundle; includeInIndex = 0; path = MediaPlayerTests.xctest; sourceTree = BUILT_PRODUCTS_DIR; };
		C913830A1C15A54F00A35DA3 /* MediaPlayerTests.swift */ = {isa = PBXFileReference; lastKnownFileType = sourcecode.swift; path = MediaPlayerTests.swift; sourceTree = "<group>"; };
		C913830C1C15A54F00A35DA3 /* Info.plist */ = {isa = PBXFileReference; lastKnownFileType = text.plist.xml; path = Info.plist; sourceTree = "<group>"; };
		C91383111C15A54F00A35DA3 /* MediaPlayerUITests.xctest */ = {isa = PBXFileReference; explicitFileType = wrapper.cfbundle; includeInIndex = 0; path = MediaPlayerUITests.xctest; sourceTree = BUILT_PRODUCTS_DIR; };
		C91383151C15A54F00A35DA3 /* MediaPlayerUITests.swift */ = {isa = PBXFileReference; lastKnownFileType = sourcecode.swift; path = MediaPlayerUITests.swift; sourceTree = "<group>"; };
		C91383171C15A54F00A35DA3 /* Info.plist */ = {isa = PBXFileReference; lastKnownFileType = text.plist.xml; path = Info.plist; sourceTree = "<group>"; };
		C93BE8531C17FC3700A593EB /* CastButtonItem.swift */ = {isa = PBXFileReference; fileEncoding = 4; lastKnownFileType = sourcecode.swift; path = CastButtonItem.swift; sourceTree = "<group>"; };
		C942DAFB1C1AA06B00E08B87 /* VideoViewController.swift */ = {isa = PBXFileReference; fileEncoding = 4; lastKnownFileType = sourcecode.swift; path = VideoViewController.swift; sourceTree = "<group>"; };
		C948C8CB1C19791C00F7B211 /* ScrollViewController.swift */ = {isa = PBXFileReference; fileEncoding = 4; lastKnownFileType = sourcecode.swift; path = ScrollViewController.swift; sourceTree = "<group>"; };
		C94D41AE1CC4EFA60019681E /* forward.png */ = {isa = PBXFileReference; lastKnownFileType = image.png; path = forward.png; sourceTree = "<group>"; };
		C94D41AF1CC4EFA60019681E /* mute.png */ = {isa = PBXFileReference; lastKnownFileType = image.png; path = mute.png; sourceTree = "<group>"; };
		C94D41B01CC4EFA60019681E /* pause.png */ = {isa = PBXFileReference; lastKnownFileType = image.png; path = pause.png; sourceTree = "<group>"; };
		C94D41B11CC4EFA60019681E /* play.png */ = {isa = PBXFileReference; lastKnownFileType = image.png; path = play.png; sourceTree = "<group>"; };
		C94D41B21CC4EFA60019681E /* rewind.png */ = {isa = PBXFileReference; lastKnownFileType = image.png; path = rewind.png; sourceTree = "<group>"; };
		C94D41B31CC4EFA60019681E /* stop.png */ = {isa = PBXFileReference; lastKnownFileType = image.png; path = stop.png; sourceTree = "<group>"; };
		C9530E251C17F2EB00D8BAF4 /* cast_off.png */ = {isa = PBXFileReference; lastKnownFileType = image.png; path = cast_off.png; sourceTree = "<group>"; };
		C9530E271C17F30100D8BAF4 /* cast_off@2x.png */ = {isa = PBXFileReference; lastKnownFileType = image.png; path = "cast_off@2x.png"; sourceTree = "<group>"; };
		C9530E281C17F30100D8BAF4 /* cast_on.png */ = {isa = PBXFileReference; lastKnownFileType = image.png; path = cast_on.png; sourceTree = "<group>"; };
		C9530E291C17F30100D8BAF4 /* cast_on@2x.png */ = {isa = PBXFileReference; lastKnownFileType = image.png; path = "cast_on@2x.png"; sourceTree = "<group>"; };
		C9530E2A1C17F30100D8BAF4 /* cast_on0.png */ = {isa = PBXFileReference; lastKnownFileType = image.png; path = cast_on0.png; sourceTree = "<group>"; };
		C9530E2B1C17F30100D8BAF4 /* cast_on0@2x.png */ = {isa = PBXFileReference; lastKnownFileType = image.png; path = "cast_on0@2x.png"; sourceTree = "<group>"; };
		C9530E2C1C17F30100D8BAF4 /* cast_on1.png */ = {isa = PBXFileReference; lastKnownFileType = image.png; path = cast_on1.png; sourceTree = "<group>"; };
		C9530E2D1C17F30100D8BAF4 /* cast_on1@2x.png */ = {isa = PBXFileReference; lastKnownFileType = image.png; path = "cast_on1@2x.png"; sourceTree = "<group>"; };
		C9530E2E1C17F30100D8BAF4 /* cast_on2.png */ = {isa = PBXFileReference; lastKnownFileType = image.png; path = cast_on2.png; sourceTree = "<group>"; };
		C9530E2F1C17F30100D8BAF4 /* cast_on2@2x.png */ = {isa = PBXFileReference; lastKnownFileType = image.png; path = "cast_on2@2x.png"; sourceTree = "<group>"; };
		C9530E4D1C1842AE00D8BAF4 /* TerminateAppViewController.swift */ = {isa = PBXFileReference; fileEncoding = 4; lastKnownFileType = sourcecode.swift; path = TerminateAppViewController.swift; sourceTree = "<group>"; };
		C9530E4F1C18430600D8BAF4 /* TerminateAppViewController.xib */ = {isa = PBXFileReference; fileEncoding = 4; lastKnownFileType = file.xib; path = TerminateAppViewController.xib; sourceTree = "<group>"; };
		C9530E511C18433A00D8BAF4 /* DeviceListViewController.swift */ = {isa = PBXFileReference; fileEncoding = 4; lastKnownFileType = sourcecode.swift; path = DeviceListViewController.swift; sourceTree = "<group>"; };
		C990C06D1CC6456400BB1070 /* unmute.png */ = {isa = PBXFileReference; lastKnownFileType = image.png; path = unmute.png; sourceTree = "<group>"; };
		C9A95D381C4FAEB10069E41B /* mediaStyle.xml */ = {isa = PBXFileReference; fileEncoding = 4; lastKnownFileType = text.xml; path = mediaStyle.xml; sourceTree = "<group>"; };
/* End PBXFileReference section */

/* Begin PBXFrameworksBuildPhase section */
		C91382EF1C15A54F00A35DA3 /* Frameworks */ = {
			isa = PBXFrameworksBuildPhase;
			buildActionMask = 2147483647;
			files = (
				9A43D0F51D9CF1530021A7AD /* SmartView.framework in Frameworks */,
			);
			runOnlyForDeploymentPostprocessing = 0;
		};
		C91383031C15A54F00A35DA3 /* Frameworks */ = {
			isa = PBXFrameworksBuildPhase;
			buildActionMask = 2147483647;
			files = (
			);
			runOnlyForDeploymentPostprocessing = 0;
		};
		C913830E1C15A54F00A35DA3 /* Frameworks */ = {
			isa = PBXFrameworksBuildPhase;
			buildActionMask = 2147483647;
			files = (
			);
			runOnlyForDeploymentPostprocessing = 0;
		};
/* End PBXFrameworksBuildPhase section */

/* Begin PBXGroup section */
		C91382E91C15A54F00A35DA3 = {
			isa = PBXGroup;
			children = (
				9A43D0F31D9CF13E0021A7AD /* SmartView.framework */,
				C9530E241C17F1CF00D8BAF4 /* images */,
				C91382F41C15A54F00A35DA3 /* MediaPlayer */,
				C91383091C15A54F00A35DA3 /* MediaPlayerTests */,
				C91383141C15A54F00A35DA3 /* MediaPlayerUITests */,
				C91382F31C15A54F00A35DA3 /* Products */,
			);
			sourceTree = "<group>";
		};
		C91382F31C15A54F00A35DA3 /* Products */ = {
			isa = PBXGroup;
			children = (
				C91382F21C15A54F00A35DA3 /* MediaPlayer.app */,
				C91383061C15A54F00A35DA3 /* MediaPlayerTests.xctest */,
				C91383111C15A54F00A35DA3 /* MediaPlayerUITests.xctest */,
			);
			name = Products;
			sourceTree = "<group>";
		};
		C91382F41C15A54F00A35DA3 /* MediaPlayer */ = {
			isa = PBXGroup;
			children = (
				9A8656061D76CAE200B0B5C4 /* AudioPlayerController.swift */,
				9A8656071D76CAE200B0B5C4 /* MediaShareController.swift */,
				9A8656081D76CAE200B0B5C4 /* PhotoPlayerController.swift */,
				9A8656091D76CAE200B0B5C4 /* VideoPlayerController.swift */,
				9A1AFD6C1D533DE400CE1FC9 /* AudioViewController.swift */,
				9A896B431D4B2CE500994F30 /* MediaCell.swift */,
				9A896B411D4B2B4500994F30 /* Media.swift */,
				9A896B3F1D4B17B300994F30 /* PhotoCollectionView.swift */,
				C9530E511C18433A00D8BAF4 /* DeviceListViewController.swift */,
				C9530E4F1C18430600D8BAF4 /* TerminateAppViewController.xib */,
				C9530E4D1C1842AE00D8BAF4 /* TerminateAppViewController.swift */,
				C93BE8531C17FC3700A593EB /* CastButtonItem.swift */,
				C91382F51C15A54F00A35DA3 /* AppDelegate.swift */,
				C91382F71C15A54F00A35DA3 /* FirstViewController.swift */,
				C91382F91C15A54F00A35DA3 /* Main.storyboard */,
				C91382FC1C15A54F00A35DA3 /* Assets.xcassets */,
				C91382FE1C15A54F00A35DA3 /* LaunchScreen.storyboard */,
				C948C8CB1C19791C00F7B211 /* ScrollViewController.swift */,
				C91383011C15A54F00A35DA3 /* Info.plist */,
				C942DAFB1C1AA06B00E08B87 /* VideoViewController.swift */,
				9A896B451D4F216600994F30 /* MediaItems.plist */,
				9AFD0C6B1D507F0400C3494A /* ImageCacheHelper.swift */,
				9A1AFD741D5C8C2500CE1FC9 /* MediaListController.swift */,
				C9043F211D759D3B00C7826E /* MediaPlayViewController.swift */,
			);
			path = MediaPlayer;
			sourceTree = "<group>";
		};
		C91383091C15A54F00A35DA3 /* MediaPlayerTests */ = {
			isa = PBXGroup;
			children = (
				C913830A1C15A54F00A35DA3 /* MediaPlayerTests.swift */,
				C913830C1C15A54F00A35DA3 /* Info.plist */,
			);
			path = MediaPlayerTests;
			sourceTree = "<group>";
		};
		C91383141C15A54F00A35DA3 /* MediaPlayerUITests */ = {
			isa = PBXGroup;
			children = (
				C91383151C15A54F00A35DA3 /* MediaPlayerUITests.swift */,
				C91383171C15A54F00A35DA3 /* Info.plist */,
			);
			path = MediaPlayerUITests;
			sourceTree = "<group>";
		};
		C9530E241C17F1CF00D8BAF4 /* images */ = {
			isa = PBXGroup;
			children = (
				9A59F07B1D7AFD8F00BAB560 /* thumb.png */,
				C9043F271D759E6200C7826E /* next.png */,
				C9043F281D759E6200C7826E /* volume_down.png */,
				C9043F291D759E6200C7826E /* volume_up.png */,
				C9043F2A1D759E6200C7826E /* repeat_all.png */,
				C9043F2B1D759E6200C7826E /* repeat_off.png */,
				C9043F2C1D759E6200C7826E /* repeat_single.png */,
				C9043F2D1D759E6200C7826E /* shuffle_off.png */,
				C9043F2E1D759E6200C7826E /* shuffle_on.png */,
				C9043F251D759E4F00C7826E /* previous.png */,
				9A8655E31D73ED1400B0B5C4 /* Music_Placeholder.png */,
				9A8655DD1D73EC1E00B0B5C4 /* image_Placeholder.png */,
				9A8655DF1D73EC1E00B0B5C4 /* video_Placeholder.jpeg */,
				9A8655331D70063F00B0B5C4 /* add_all.png */,
				9A8655341D70063F00B0B5C4 /* clear_queue.png */,
				9A8655351D70063F00B0B5C4 /* queue_active.png */,
				9A8655361D70063F00B0B5C4 /* queue_deactive.png */,
				C990C06D1CC6456400BB1070 /* unmute.png */,
				C94D41AE1CC4EFA60019681E /* forward.png */,
				C94D41AF1CC4EFA60019681E /* mute.png */,
				C94D41B01CC4EFA60019681E /* pause.png */,
				C94D41B11CC4EFA60019681E /* play.png */,
				C94D41B21CC4EFA60019681E /* rewind.png */,
				C94D41B31CC4EFA60019681E /* stop.png */,
				C9A95D381C4FAEB10069E41B /* mediaStyle.xml */,
				C9530E251C17F2EB00D8BAF4 /* cast_off.png */,
				C9530E271C17F30100D8BAF4 /* cast_off@2x.png */,
				C9530E281C17F30100D8BAF4 /* cast_on.png */,
				C9530E291C17F30100D8BAF4 /* cast_on@2x.png */,
				C9530E2A1C17F30100D8BAF4 /* cast_on0.png */,
				C9530E2B1C17F30100D8BAF4 /* cast_on0@2x.png */,
				C9530E2C1C17F30100D8BAF4 /* cast_on1.png */,
				C9530E2D1C17F30100D8BAF4 /* cast_on1@2x.png */,
				C9530E2E1C17F30100D8BAF4 /* cast_on2.png */,
				C9530E2F1C17F30100D8BAF4 /* cast_on2@2x.png */,
			);
			name = images;
			sourceTree = "<group>";
		};
/* End PBXGroup section */

/* Begin PBXNativeTarget section */
		C91382F11C15A54F00A35DA3 /* MediaPlayer */ = {
			isa = PBXNativeTarget;
			buildConfigurationList = C913831A1C15A54F00A35DA3 /* Build configuration list for PBXNativeTarget "MediaPlayer" */;
			buildPhases = (
				C91382EE1C15A54F00A35DA3 /* Sources */,
				C91382EF1C15A54F00A35DA3 /* Frameworks */,
				C91382F01C15A54F00A35DA3 /* Resources */,
				9A1AFD791D6474A000CE1FC9 /* Embed Frameworks */,
			);
			buildRules = (
			);
			dependencies = (
			);
			name = MediaPlayer;
			productName = MediaPlayer;
			productReference = C91382F21C15A54F00A35DA3 /* MediaPlayer.app */;
			productType = "com.apple.product-type.application";
		};
		C91383051C15A54F00A35DA3 /* MediaPlayerTests */ = {
			isa = PBXNativeTarget;
			buildConfigurationList = C913831D1C15A54F00A35DA3 /* Build configuration list for PBXNativeTarget "MediaPlayerTests" */;
			buildPhases = (
				C91383021C15A54F00A35DA3 /* Sources */,
				C91383031C15A54F00A35DA3 /* Frameworks */,
				C91383041C15A54F00A35DA3 /* Resources */,
			);
			buildRules = (
			);
			dependencies = (
				C91383081C15A54F00A35DA3 /* PBXTargetDependency */,
			);
			name = MediaPlayerTests;
			productName = MediaPlayerTests;
			productReference = C91383061C15A54F00A35DA3 /* MediaPlayerTests.xctest */;
			productType = "com.apple.product-type.bundle.unit-test";
		};
		C91383101C15A54F00A35DA3 /* MediaPlayerUITests */ = {
			isa = PBXNativeTarget;
			buildConfigurationList = C91383201C15A54F00A35DA3 /* Build configuration list for PBXNativeTarget "MediaPlayerUITests" */;
			buildPhases = (
				C913830D1C15A54F00A35DA3 /* Sources */,
				C913830E1C15A54F00A35DA3 /* Frameworks */,
				C913830F1C15A54F00A35DA3 /* Resources */,
			);
			buildRules = (
			);
			dependencies = (
				C91383131C15A54F00A35DA3 /* PBXTargetDependency */,
			);
			name = MediaPlayerUITests;
			productName = MediaPlayerUITests;
			productReference = C91383111C15A54F00A35DA3 /* MediaPlayerUITests.xctest */;
			productType = "com.apple.product-type.bundle.ui-testing";
		};
/* End PBXNativeTarget section */

/* Begin PBXProject section */
		C91382EA1C15A54F00A35DA3 /* Project object */ = {
			isa = PBXProject;
			attributes = {
				LastUpgradeCheck = 0700;
				ORGANIZATIONNAME = samsung;
				TargetAttributes = {
					C91382F11C15A54F00A35DA3 = {
						CreatedOnToolsVersion = 7.0;
					};
					C91383051C15A54F00A35DA3 = {
						CreatedOnToolsVersion = 7.0;
						TestTargetID = C91382F11C15A54F00A35DA3;
					};
					C91383101C15A54F00A35DA3 = {
						CreatedOnToolsVersion = 7.0;
						TestTargetID = C91382F11C15A54F00A35DA3;
					};
				};
			};
			buildConfigurationList = C91382ED1C15A54F00A35DA3 /* Build configuration list for PBXProject "MediaPlayer" */;
			compatibilityVersion = "Xcode 3.2";
			developmentRegion = English;
			hasScannedForEncodings = 0;
			knownRegions = (
				en,
				Base,
			);
			mainGroup = C91382E91C15A54F00A35DA3;
			productRefGroup = C91382F31C15A54F00A35DA3 /* Products */;
			projectDirPath = "";
			projectRoot = "";
			targets = (
				C91382F11C15A54F00A35DA3 /* MediaPlayer */,
				C91383051C15A54F00A35DA3 /* MediaPlayerTests */,
				C91383101C15A54F00A35DA3 /* MediaPlayerUITests */,
			);
		};
/* End PBXProject section */

/* Begin PBXResourcesBuildPhase section */
		C91382F01C15A54F00A35DA3 /* Resources */ = {
			isa = PBXResourcesBuildPhase;
			buildActionMask = 2147483647;
			files = (
				C94D41B51CC4EFA60019681E /* mute.png in Resources */,
				C9530E261C17F2EB00D8BAF4 /* cast_off.png in Resources */,
				C9530E301C17F30100D8BAF4 /* cast_off@2x.png in Resources */,
				C91383001C15A54F00A35DA3 /* LaunchScreen.storyboard in Resources */,
				C9043F321D759E6200C7826E /* repeat_all.png in Resources */,
				C9043F261D759E4F00C7826E /* previous.png in Resources */,
				C94D41B81CC4EFA60019681E /* rewind.png in Resources */,
				C9043F351D759E6200C7826E /* shuffle_off.png in Resources */,
				C9530E321C17F30100D8BAF4 /* cast_on@2x.png in Resources */,
				C91382FD1C15A54F00A35DA3 /* Assets.xcassets in Resources */,
				9A8655391D70063F00B0B5C4 /* queue_active.png in Resources */,
				9A8655371D70063F00B0B5C4 /* add_all.png in Resources */,
				C9530E501C18430600D8BAF4 /* TerminateAppViewController.xib in Resources */,
				9A86553A1D70063F00B0B5C4 /* queue_deactive.png in Resources */,
				C94D41B61CC4EFA60019681E /* pause.png in Resources */,
				C9043F341D759E6200C7826E /* repeat_single.png in Resources */,
				C9530E351C17F30100D8BAF4 /* cast_on1.png in Resources */,
				C9530E361C17F30100D8BAF4 /* cast_on1@2x.png in Resources */,
				9A8655381D70063F00B0B5C4 /* clear_queue.png in Resources */,
				9A896B461D4F216600994F30 /* MediaItems.plist in Resources */,
				9A59F07C1D7AFD8F00BAB560 /* thumb.png in Resources */,
				C91382FB1C15A54F00A35DA3 /* Main.storyboard in Resources */,
				9A8655E01D73EC1E00B0B5C4 /* image_Placeholder.png in Resources */,
				C94D41B41CC4EFA60019681E /* forward.png in Resources */,
				9A8655E41D73ED1400B0B5C4 /* Music_Placeholder.png in Resources */,
				C9530E371C17F30100D8BAF4 /* cast_on2.png in Resources */,
				C94D41B71CC4EFA60019681E /* play.png in Resources */,
				C94D41B91CC4EFA60019681E /* stop.png in Resources */,
				C9043F361D759E6200C7826E /* shuffle_on.png in Resources */,
				C9530E381C17F30100D8BAF4 /* cast_on2@2x.png in Resources */,
				C9043F301D759E6200C7826E /* volume_down.png in Resources */,
				C9043F311D759E6200C7826E /* volume_up.png in Resources */,
				C9043F331D759E6200C7826E /* repeat_off.png in Resources */,
				C990C06E1CC6456400BB1070 /* unmute.png in Resources */,
				C9043F2F1D759E6200C7826E /* next.png in Resources */,
				9A8655E21D73EC1E00B0B5C4 /* video_Placeholder.jpeg in Resources */,
				C9530E331C17F30100D8BAF4 /* cast_on0.png in Resources */,
				C9530E341C17F30100D8BAF4 /* cast_on0@2x.png in Resources */,
				C9530E311C17F30100D8BAF4 /* cast_on.png in Resources */,
				C9A95D391C4FAEB10069E41B /* mediaStyle.xml in Resources */,
			);
			runOnlyForDeploymentPostprocessing = 0;
		};
		C91383041C15A54F00A35DA3 /* Resources */ = {
			isa = PBXResourcesBuildPhase;
			buildActionMask = 2147483647;
			files = (
			);
			runOnlyForDeploymentPostprocessing = 0;
		};
		C913830F1C15A54F00A35DA3 /* Resources */ = {
			isa = PBXResourcesBuildPhase;
			buildActionMask = 2147483647;
			files = (
			);
			runOnlyForDeploymentPostprocessing = 0;
		};
/* End PBXResourcesBuildPhase section */

/* Begin PBXSourcesBuildPhase section */
		C91382EE1C15A54F00A35DA3 /* Sources */ = {
			isa = PBXSourcesBuildPhase;
			buildActionMask = 2147483647;
			files = (
				9A86560D1D76CAE200B0B5C4 /* VideoPlayerController.swift in Sources */,
				C91382F81C15A54F00A35DA3 /* FirstViewController.swift in Sources */,
				9A896B421D4B2B4500994F30 /* Media.swift in Sources */,
				C9530E4E1C1842AE00D8BAF4 /* TerminateAppViewController.swift in Sources */,
				C942DAFC1C1AA06B00E08B87 /* VideoViewController.swift in Sources */,
				9A1AFD6D1D533DE400CE1FC9 /* AudioViewController.swift in Sources */,
				C9530E521C18433A00D8BAF4 /* DeviceListViewController.swift in Sources */,
				9A896B441D4B2CE500994F30 /* MediaCell.swift in Sources */,
				9A1AFD751D5C8C2500CE1FC9 /* MediaListController.swift in Sources */,
				9AFD0C6C1D507F0400C3494A /* ImageCacheHelper.swift in Sources */,
				C948C8CC1C19791C00F7B211 /* ScrollViewController.swift in Sources */,
				C93BE8541C17FC3700A593EB /* CastButtonItem.swift in Sources */,
				9A86560A1D76CAE200B0B5C4 /* AudioPlayerController.swift in Sources */,
				9A86560C1D76CAE200B0B5C4 /* PhotoPlayerController.swift in Sources */,
				9A86560B1D76CAE200B0B5C4 /* MediaShareController.swift in Sources */,
				C9043F221D759D3B00C7826E /* MediaPlayViewController.swift in Sources */,
				9A896B401D4B17B300994F30 /* PhotoCollectionView.swift in Sources */,
				C91382F61C15A54F00A35DA3 /* AppDelegate.swift in Sources */,
			);
			runOnlyForDeploymentPostprocessing = 0;
		};
		C91383021C15A54F00A35DA3 /* Sources */ = {
			isa = PBXSourcesBuildPhase;
			buildActionMask = 2147483647;
			files = (
				C913830B1C15A54F00A35DA3 /* MediaPlayerTests.swift in Sources */,
			);
			runOnlyForDeploymentPostprocessing = 0;
		};
		C913830D1C15A54F00A35DA3 /* Sources */ = {
			isa = PBXSourcesBuildPhase;
			buildActionMask = 2147483647;
			files = (
				C91383161C15A54F00A35DA3 /* MediaPlayerUITests.swift in Sources */,
			);
			runOnlyForDeploymentPostprocessing = 0;
		};
/* End PBXSourcesBuildPhase section */

/* Begin PBXTargetDependency section */
		C91383081C15A54F00A35DA3 /* PBXTargetDependency */ = {
			isa = PBXTargetDependency;
			target = C91382F11C15A54F00A35DA3 /* MediaPlayer */;
			targetProxy = C91383071C15A54F00A35DA3 /* PBXContainerItemProxy */;
		};
		C91383131C15A54F00A35DA3 /* PBXTargetDependency */ = {
			isa = PBXTargetDependency;
			target = C91382F11C15A54F00A35DA3 /* MediaPlayer */;
			targetProxy = C91383121C15A54F00A35DA3 /* PBXContainerItemProxy */;
		};
/* End PBXTargetDependency section */

/* Begin PBXVariantGroup section */
		C91382F91C15A54F00A35DA3 /* Main.storyboard */ = {
			isa = PBXVariantGroup;
			children = (
				C91382FA1C15A54F00A35DA3 /* Base */,
			);
			name = Main.storyboard;
			sourceTree = "<group>";
		};
		C91382FE1C15A54F00A35DA3 /* LaunchScreen.storyboard */ = {
			isa = PBXVariantGroup;
			children = (
				C91382FF1C15A54F00A35DA3 /* Base */,
			);
			name = LaunchScreen.storyboard;
			sourceTree = "<group>";
		};
/* End PBXVariantGroup section */

/* Begin XCBuildConfiguration section */
		C91383181C15A54F00A35DA3 /* Debug */ = {
			isa = XCBuildConfiguration;
			buildSettings = {
				ALWAYS_SEARCH_USER_PATHS = NO;
				CLANG_CXX_LANGUAGE_STANDARD = "gnu++0x";
				CLANG_CXX_LIBRARY = "libc++";
				CLANG_ENABLE_MODULES = YES;
				CLANG_ENABLE_OBJC_ARC = YES;
				CLANG_WARN_BOOL_CONVERSION = YES;
				CLANG_WARN_CONSTANT_CONVERSION = YES;
				CLANG_WARN_DIRECT_OBJC_ISA_USAGE = YES_ERROR;
				CLANG_WARN_EMPTY_BODY = YES;
				CLANG_WARN_ENUM_CONVERSION = YES;
				CLANG_WARN_INT_CONVERSION = YES;
				CLANG_WARN_OBJC_ROOT_CLASS = YES_ERROR;
				CLANG_WARN_UNREACHABLE_CODE = YES;
				CLANG_WARN__DUPLICATE_METHOD_MATCH = YES;
				"CODE_SIGN_IDENTITY[sdk=iphoneos*]" = "iPhone Developer";
				COPY_PHASE_STRIP = NO;
				DEBUG_INFORMATION_FORMAT = dwarf;
				ENABLE_STRICT_OBJC_MSGSEND = YES;
				ENABLE_TESTABILITY = YES;
				GCC_C_LANGUAGE_STANDARD = gnu99;
				GCC_DYNAMIC_NO_PIC = NO;
				GCC_NO_COMMON_BLOCKS = YES;
				GCC_OPTIMIZATION_LEVEL = 0;
				GCC_PREPROCESSOR_DEFINITIONS = (
					"DEBUG=1",
					"$(inherited)",
				);
				GCC_WARN_64_TO_32_BIT_CONVERSION = YES;
				GCC_WARN_ABOUT_RETURN_TYPE = YES_ERROR;
				GCC_WARN_UNDECLARED_SELECTOR = YES;
				GCC_WARN_UNINITIALIZED_AUTOS = YES_AGGRESSIVE;
				GCC_WARN_UNUSED_FUNCTION = YES;
				GCC_WARN_UNUSED_VARIABLE = YES;
				IPHONEOS_DEPLOYMENT_TARGET = 9.0;
				MTL_ENABLE_DEBUG_INFO = YES;
				ONLY_ACTIVE_ARCH = YES;
				SDKROOT = iphoneos;
				SWIFT_OPTIMIZATION_LEVEL = "-Onone";
				TARGETED_DEVICE_FAMILY = "1,2";
			};
			name = Debug;
		};
		C91383191C15A54F00A35DA3 /* Release */ = {
			isa = XCBuildConfiguration;
			buildSettings = {
				ALWAYS_SEARCH_USER_PATHS = NO;
				CLANG_CXX_LANGUAGE_STANDARD = "gnu++0x";
				CLANG_CXX_LIBRARY = "libc++";
				CLANG_ENABLE_MODULES = YES;
				CLANG_ENABLE_OBJC_ARC = YES;
				CLANG_WARN_BOOL_CONVERSION = YES;
				CLANG_WARN_CONSTANT_CONVERSION = YES;
				CLANG_WARN_DIRECT_OBJC_ISA_USAGE = YES_ERROR;
				CLANG_WARN_EMPTY_BODY = YES;
				CLANG_WARN_ENUM_CONVERSION = YES;
				CLANG_WARN_INT_CONVERSION = YES;
				CLANG_WARN_OBJC_ROOT_CLASS = YES_ERROR;
				CLANG_WARN_UNREACHABLE_CODE = YES;
				CLANG_WARN__DUPLICATE_METHOD_MATCH = YES;
				"CODE_SIGN_IDENTITY[sdk=iphoneos*]" = "iPhone Developer";
				COPY_PHASE_STRIP = NO;
				DEBUG_INFORMATION_FORMAT = "dwarf-with-dsym";
				ENABLE_NS_ASSERTIONS = NO;
				ENABLE_STRICT_OBJC_MSGSEND = YES;
				GCC_C_LANGUAGE_STANDARD = gnu99;
				GCC_NO_COMMON_BLOCKS = YES;
				GCC_WARN_64_TO_32_BIT_CONVERSION = YES;
				GCC_WARN_ABOUT_RETURN_TYPE = YES_ERROR;
				GCC_WARN_UNDECLARED_SELECTOR = YES;
				GCC_WARN_UNINITIALIZED_AUTOS = YES_AGGRESSIVE;
				GCC_WARN_UNUSED_FUNCTION = YES;
				GCC_WARN_UNUSED_VARIABLE = YES;
				IPHONEOS_DEPLOYMENT_TARGET = 9.0;
				MTL_ENABLE_DEBUG_INFO = NO;
				SDKROOT = iphoneos;
				TARGETED_DEVICE_FAMILY = "1,2";
				VALIDATE_PRODUCT = YES;
			};
			name = Release;
		};
		C913831B1C15A54F00A35DA3 /* Debug */ = {
			isa = XCBuildConfiguration;
			buildSettings = {
				ASSETCATALOG_COMPILER_APPICON_NAME = AppIcon;
				CODE_SIGN_IDENTITY = "iPhone Developer: HYOJAE LEE (L6J4NPG367)";
				EMBEDDED_CONTENT_CONTAINS_SWIFT = YES;
				FRAMEWORK_SEARCH_PATHS = (
					"$(inherited)",
					"$(PROJECT_DIR)",
				);
				INFOPLIST_FILE = MediaPlayer/Info.plist;
				IPHONEOS_DEPLOYMENT_TARGET = 8.0;
				LD_RUNPATH_SEARCH_PATHS = "$(inherited) @executable_path/Frameworks";
				PRODUCT_BUNDLE_IDENTIFIER = com.samsung.smartview1;
				PRODUCT_NAME = "$(TARGET_NAME)";
				PROVISIONING_PROFILE = "accbfd52-2d84-4f21-ba5e-dff6b357b418";
			};
			name = Debug;
		};
		C913831C1C15A54F00A35DA3 /* Release */ = {
			isa = XCBuildConfiguration;
			buildSettings = {
				ASSETCATALOG_COMPILER_APPICON_NAME = AppIcon;
				CODE_SIGN_IDENTITY = "iPhone Developer: HYOJAE LEE (L6J4NPG367)";
				EMBEDDED_CONTENT_CONTAINS_SWIFT = YES;
				FRAMEWORK_SEARCH_PATHS = (
					"$(inherited)",
					"$(PROJECT_DIR)",
				);
				INFOPLIST_FILE = MediaPlayer/Info.plist;
				IPHONEOS_DEPLOYMENT_TARGET = 8.0;
				LD_RUNPATH_SEARCH_PATHS = "$(inherited) @executable_path/Frameworks";
				PRODUCT_BUNDLE_IDENTIFIER = com.samsung.smartview1;
				PRODUCT_NAME = "$(TARGET_NAME)";
				PROVISIONING_PROFILE = "accbfd52-2d84-4f21-ba5e-dff6b357b418";
			};
			name = Release;
		};
		C913831E1C15A54F00A35DA3 /* Debug */ = {
			isa = XCBuildConfiguration;
			buildSettings = {
				BUNDLE_LOADER = "$(TEST_HOST)";
				INFOPLIST_FILE = MediaPlayerTests/Info.plist;
				LD_RUNPATH_SEARCH_PATHS = "$(inherited) @executable_path/Frameworks @loader_path/Frameworks";
				PRODUCT_BUNDLE_IDENTIFIER = MSF.MediaPlayerTests;
				PRODUCT_NAME = "$(TARGET_NAME)";
				TEST_HOST = "$(BUILT_PRODUCTS_DIR)/MediaPlayer.app/MediaPlayer";
			};
			name = Debug;
		};
		C913831F1C15A54F00A35DA3 /* Release */ = {
			isa = XCBuildConfiguration;
			buildSettings = {
				BUNDLE_LOADER = "$(TEST_HOST)";
				INFOPLIST_FILE = MediaPlayerTests/Info.plist;
				LD_RUNPATH_SEARCH_PATHS = "$(inherited) @executable_path/Frameworks @loader_path/Frameworks";
				PRODUCT_BUNDLE_IDENTIFIER = MSF.MediaPlayerTests;
				PRODUCT_NAME = "$(TARGET_NAME)";
				TEST_HOST = "$(BUILT_PRODUCTS_DIR)/MediaPlayer.app/MediaPlayer";
			};
			name = Release;
		};
		C91383211C15A54F00A35DA3 /* Debug */ = {
			isa = XCBuildConfiguration;
			buildSettings = {
				INFOPLIST_FILE = MediaPlayerUITests/Info.plist;
				LD_RUNPATH_SEARCH_PATHS = "$(inherited) @executable_path/Frameworks @loader_path/Frameworks";
				PRODUCT_BUNDLE_IDENTIFIER = MSF.MediaPlayerUITests;
				PRODUCT_NAME = "$(TARGET_NAME)";
				TEST_TARGET_NAME = MediaPlayer;
				USES_XCTRUNNER = YES;
			};
			name = Debug;
		};
		C91383221C15A54F00A35DA3 /* Release */ = {
			isa = XCBuildConfiguration;
			buildSettings = {
				INFOPLIST_FILE = MediaPlayerUITests/Info.plist;
				LD_RUNPATH_SEARCH_PATHS = "$(inherited) @executable_path/Frameworks @loader_path/Frameworks";
				PRODUCT_BUNDLE_IDENTIFIER = MSF.MediaPlayerUITests;
				PRODUCT_NAME = "$(TARGET_NAME)";
				TEST_TARGET_NAME = MediaPlayer;
				USES_XCTRUNNER = YES;
			};
			name = Release;
		};
/* End XCBuildConfiguration section */

/* Begin XCConfigurationList section */
		C91382ED1C15A54F00A35DA3 /* Build configuration list for PBXProject "MediaPlayer" */ = {
			isa = XCConfigurationList;
			buildConfigurations = (
				C91383181C15A54F00A35DA3 /* Debug */,
				C91383191C15A54F00A35DA3 /* Release */,
			);
			defaultConfigurationIsVisible = 0;
			defaultConfigurationName = Release;
		};
		C913831A1C15A54F00A35DA3 /* Build configuration list for PBXNativeTarget "MediaPlayer" */ = {
			isa = XCConfigurationList;
			buildConfigurations = (
				C913831B1C15A54F00A35DA3 /* Debug */,
				C913831C1C15A54F00A35DA3 /* Release */,
			);
			defaultConfigurationIsVisible = 0;
			defaultConfigurationName = Release;
		};
		C913831D1C15A54F00A35DA3 /* Build configuration list for PBXNativeTarget "MediaPlayerTests" */ = {
			isa = XCConfigurationList;
			buildConfigurations = (
				C913831E1C15A54F00A35DA3 /* Debug */,
				C913831F1C15A54F00A35DA3 /* Release */,
			);
			defaultConfigurationIsVisible = 0;
			defaultConfigurationName = Release;
		};
		C91383201C15A54F00A35DA3 /* Build configuration list for PBXNativeTarget "MediaPlayerUITests" */ = {
			isa = XCConfigurationList;
			buildConfigurations = (
				C91383211C15A54F00A35DA3 /* Debug */,
				C91383221C15A54F00A35DA3 /* Release */,
			);
			defaultConfigurationIsVisible = 0;
			defaultConfigurationName = Release;
		};
/* End XCConfigurationList section */
	};
	rootObject = C91382EA1C15A54F00A35DA3 /* Project object */;
}
